<?xml version="1.0" encoding="utf-8"?>
<Project ToolsVersion="4.0" xmlns="http://schemas.microsoft.com/developer/msbuild/2003">
  <ItemGroup>
    <ClCompile Include="src\ofApp.cpp">
      <Filter>src</Filter>
    </ClCompile>
    <ClCompile Include="src\main.cpp">
      <Filter>src</Filter>
    </ClCompile>
    <ClCompile Include="src\main.cpp">
      <Filter>src</Filter>
    </ClCompile>
    <ClCompile Include="src\ofApp.cpp">
      <Filter>src</Filter>
    </ClCompile>
    <ClCompile Include="src\SignalUtil.cpp">
      <Filter>src</Filter>
    </ClCompile>
    <ClCompile Include="src\TriggerBuffer.cpp">
      <Filter>src</Filter>
    </ClCompile>
    <ClCompile Include="src\view\AmpSpectrogram.cpp">
      <Filter>src\view</Filter>
    </ClCompile>
    <ClCompile Include="..\..\..\..\of_v20170714_vs_release\addons\ofxFft\src\ofxEasyFft.cpp">
      <Filter>addons\ofxFft\src</Filter>
    </ClCompile>
    <ClCompile Include="..\..\..\..\of_v20170714_vs_release\addons\ofxFft\src\ofxFft.cpp">
      <Filter>addons\ofxFft\src</Filter>
    </ClCompile>
    <ClCompile Include="..\..\..\..\of_v20170714_vs_release\addons\ofxFft\src\ofxFftBasic.cpp">
      <Filter>addons\ofxFft\src</Filter>
    </ClCompile>
    <ClCompile Include="..\..\..\..\of_v20170714_vs_release\addons\ofxFft\src\ofxFftw.cpp">
      <Filter>addons\ofxFft\src</Filter>
    </ClCompile>
    <ClCompile Include="..\..\..\..\of_v20170714_vs_release\addons\ofxFft\src\ofxProcessFFT.cpp">
      <Filter>addons\ofxFft\src</Filter>
    </ClCompile>
    <ClCompile Include="..\..\..\..\of_v20170714_vs_release\addons\ofxFft\libs\kiss\kiss_fft.c">
      <Filter>addons\ofxFft\libs\kiss</Filter>
    </ClCompile>
    <ClCompile Include="..\..\..\..\of_v20170714_vs_release\addons\ofxFft\libs\kiss\kiss_fftr.c">
      <Filter>addons\ofxFft\libs\kiss</Filter>
    </ClCompile>
    <ClCompile Include="..\..\..\..\of_v20170714_vs_release\addons\ofxGraphViewer\src\ofxGraphViewer.cpp">
      <Filter>addons\ofxGraphViewer\src</Filter>
    </ClCompile>
    <ClCompile Include="..\..\..\..\of_v20170714_vs_release\addons\ofxGui\src\ofxBaseGui.cpp">
      <Filter>addons\ofxGui\src</Filter>
    </ClCompile>
    <ClCompile Include="..\..\..\..\of_v20170714_vs_release\addons\ofxGui\src\ofxButton.cpp">
      <Filter>addons\ofxGui\src</Filter>
    </ClCompile>
    <ClCompile Include="..\..\..\..\of_v20170714_vs_release\addons\ofxGui\src\ofxColorPicker.cpp">
      <Filter>addons\ofxGui\src</Filter>
    </ClCompile>
    <ClCompile Include="..\..\..\..\of_v20170714_vs_release\addons\ofxGui\src\ofxGuiGroup.cpp">
      <Filter>addons\ofxGui\src</Filter>
    </ClCompile>
    <ClCompile Include="..\..\..\..\of_v20170714_vs_release\addons\ofxGui\src\ofxInputField.cpp">
      <Filter>addons\ofxGui\src</Filter>
    </ClCompile>
    <ClCompile Include="..\..\..\..\of_v20170714_vs_release\addons\ofxGui\src\ofxLabel.cpp">
      <Filter>addons\ofxGui\src</Filter>
    </ClCompile>
    <ClCompile Include="..\..\..\..\of_v20170714_vs_release\addons\ofxGui\src\ofxPanel.cpp">
      <Filter>addons\ofxGui\src</Filter>
    </ClCompile>
    <ClCompile Include="..\..\..\..\of_v20170714_vs_release\addons\ofxGui\src\ofxSlider.cpp">
      <Filter>addons\ofxGui\src</Filter>
    </ClCompile>
    <ClCompile Include="..\..\..\..\of_v20170714_vs_release\addons\ofxGui\src\ofxSliderGroup.cpp">
      <Filter>addons\ofxGui\src</Filter>
    </ClCompile>
    <ClCompile Include="..\..\..\..\of_v20170714_vs_release\addons\ofxGui\src\ofxToggle.cpp">
      <Filter>addons\ofxGui\src</Filter>
    </ClCompile>
    <ClCompile Include="..\..\..\..\of_v20170714_vs_release\addons\ofxNetwork\src\ofxTCPClient.cpp">
      <Filter>addons\ofxNetwork\src</Filter>
    </ClCompile>
    <ClCompile Include="..\..\..\..\of_v20170714_vs_release\addons\ofxNetwork\src\ofxTCPManager.cpp">
      <Filter>addons\ofxNetwork\src</Filter>
    </ClCompile>
    <ClCompile Include="..\..\..\..\of_v20170714_vs_release\addons\ofxNetwork\src\ofxTCPServer.cpp">
      <Filter>addons\ofxNetwork\src</Filter>
    </ClCompile>
    <ClCompile Include="..\..\..\..\of_v20170714_vs_release\addons\ofxNetwork\src\ofxUDPManager.cpp">
      <Filter>addons\ofxNetwork\src</Filter>
    </ClCompile>
    <ClCompile Include="..\..\..\..\of_v20170714_vs_release\addons\ofxWatchFile\src\ofxWatchFile.cpp">
      <Filter>addons\ofxWatchFile\src</Filter>
    </ClCompile>
    <ClCompile Include="src\view\Spectrum.cpp">
      <Filter>src\view</Filter>
    </ClCompile>
    <ClCompile Include="src\view\graph\PhaseDiffGraphViewer.cpp">
      <Filter>src\view\graph</Filter>
    </ClCompile>
  </ItemGroup>
  <ItemGroup>
    <Filter Include="src">
      <UniqueIdentifier>{d8376475-7454-4a24-b08a-aac121d3ad6f}</UniqueIdentifier>
    </Filter>
    <Filter Include="src\view">
      <UniqueIdentifier>{8E6A0C1B-4E64-AED4-48EB-4B5C}</UniqueIdentifier>
    </Filter>
    <Filter Include="addons">
      <UniqueIdentifier>{71834F65-F3A9-211E-73B8-DC85}</UniqueIdentifier>
    </Filter>
    <Filter Include="addons\ofxFft">
      <UniqueIdentifier>{0D1BE4F5-A8D2-A343-7801-0B1D}</UniqueIdentifier>
    </Filter>
    <Filter Include="addons\ofxFft\src">
      <UniqueIdentifier>{0BA62021-9DA8-B189-6926-0588}</UniqueIdentifier>
    </Filter>
    <Filter Include="addons\ofxFft\libs">
      <UniqueIdentifier>{EF447299-49BE-7B01-BCA6-72C7}</UniqueIdentifier>
    </Filter>
    <Filter Include="addons\ofxFft\libs\fftw">
      <UniqueIdentifier>{3DEE1DDE-F123-B410-23AA-B80E}</UniqueIdentifier>
    </Filter>
    <Filter Include="addons\ofxFft\libs\fftw\include">
      <UniqueIdentifier>{C97E21AA-DEFC-C216-6F14-EB6F}</UniqueIdentifier>
    </Filter>
    <Filter Include="addons\ofxFft\libs\kiss">
      <UniqueIdentifier>{A0BA27B4-C5E4-04C4-6B66-DBD1}</UniqueIdentifier>
    </Filter>
    <Filter Include="addons\ofxGraphViewer">
      <UniqueIdentifier>{C52A28DC-DC05-CED2-6FF9-6BA8}</UniqueIdentifier>
    </Filter>
    <Filter Include="addons\ofxGraphViewer\src">
      <UniqueIdentifier>{78177B95-0DB4-3DF7-122E-8357}</UniqueIdentifier>
    </Filter>
    <Filter Include="addons\ofxGui">
      <UniqueIdentifier>{4F2A59AF-5F4E-704B-D067-EC13}</UniqueIdentifier>
    </Filter>
    <Filter Include="addons\ofxGui\src">
      <UniqueIdentifier>{645E9533-4DCD-6179-1CDF-CB65}</UniqueIdentifier>
    </Filter>
    <Filter Include="addons\ofxNetwork">
      <UniqueIdentifier>{01A15744-29A6-108D-08E9-83A7}</UniqueIdentifier>
    </Filter>
    <Filter Include="addons\ofxNetwork\src">
      <UniqueIdentifier>{3D1C10C7-8F35-E796-9C70-F5F3}</UniqueIdentifier>
    </Filter>
    <Filter Include="addons\ofxWatchFile">
      <UniqueIdentifier>{28984CA9-0D80-79BC-68CC-AC60}</UniqueIdentifier>
    </Filter>
    <Filter Include="addons\ofxWatchFile\src">
      <UniqueIdentifier>{2FDD0F2F-00EB-B25F-A431-8A09}</UniqueIdentifier>
    </Filter>
    <Filter Include="src\view\graph">
      <UniqueIdentifier>{801abc88-7a89-4978-ad2a-2569429e86ee}</UniqueIdentifier>
    </Filter>
  </ItemGroup>
  <ItemGroup>
    <ClInclude Include="src\ofApp.h">
      <Filter>src</Filter>
    </ClInclude>
    <ClInclude Include="src\ofApp.h">
      <Filter>src</Filter>
    </ClInclude>
    <ClInclude Include="src\SignalUtil.h">
      <Filter>src</Filter>
    </ClInclude>
    <ClInclude Include="src\TriggerBuffer.h">
      <Filter>src</Filter>
    </ClInclude>
    <ClInclude Include="src\view\AmpSpectrogram.h">
      <Filter>src\view</Filter>
    </ClInclude>
    <ClInclude Include="..\..\..\..\of_v20170714_vs_release\addons\ofxFft\src\ofxEasyFft.h">
      <Filter>addons\ofxFft\src</Filter>
    </ClInclude>
    <ClInclude Include="..\..\..\..\of_v20170714_vs_release\addons\ofxFft\src\ofxFft.h">
      <Filter>addons\ofxFft\src</Filter>
    </ClInclude>
    <ClInclude Include="..\..\..\..\of_v20170714_vs_release\addons\ofxFft\src\ofxFftBasic.h">
      <Filter>addons\ofxFft\src</Filter>
    </ClInclude>
    <ClInclude Include="..\..\..\..\of_v20170714_vs_release\addons\ofxFft\src\ofxFftw.h">
      <Filter>addons\ofxFft\src</Filter>
    </ClInclude>
    <ClInclude Include="..\..\..\..\of_v20170714_vs_release\addons\ofxFft\src\ofxProcessFFT.h">
      <Filter>addons\ofxFft\src</Filter>
    </ClInclude>
    <ClInclude Include="..\..\..\..\of_v20170714_vs_release\addons\ofxFft\libs\fftw\include\fftw3.h">
      <Filter>addons\ofxFft\libs\fftw\include</Filter>
    </ClInclude>
    <ClInclude Include="..\..\..\..\of_v20170714_vs_release\addons\ofxFft\libs\kiss\kiss_fft.h">
      <Filter>addons\ofxFft\libs\kiss</Filter>
    </ClInclude>
    <ClInclude Include="..\..\..\..\of_v20170714_vs_release\addons\ofxFft\libs\kiss\kiss_fftr.h">
      <Filter>addons\ofxFft\libs\kiss</Filter>
    </ClInclude>
    <ClInclude Include="..\..\..\..\of_v20170714_vs_release\addons\ofxFft\libs\kiss\_kiss_fft_guts.h">
      <Filter>addons\ofxFft\libs\kiss</Filter>
    </ClInclude>
    <ClInclude Include="..\..\..\..\of_v20170714_vs_release\addons\ofxGraphViewer\src\ofxGraphViewer.h">
      <Filter>addons\ofxGraphViewer\src</Filter>
    </ClInclude>
    <ClInclude Include="..\..\..\..\of_v20170714_vs_release\addons\ofxGui\src\ofxBaseGui.h">
      <Filter>addons\ofxGui\src</Filter>
    </ClInclude>
    <ClInclude Include="..\..\..\..\of_v20170714_vs_release\addons\ofxGui\src\ofxButton.h">
      <Filter>addons\ofxGui\src</Filter>
    </ClInclude>
    <ClInclude Include="..\..\..\..\of_v20170714_vs_release\addons\ofxGui\src\ofxColorPicker.h">
      <Filter>addons\ofxGui\src</Filter>
    </ClInclude>
    <ClInclude Include="..\..\..\..\of_v20170714_vs_release\addons\ofxGui\src\ofxGui.h">
      <Filter>addons\ofxGui\src</Filter>
    </ClInclude>
    <ClInclude Include="..\..\..\..\of_v20170714_vs_release\addons\ofxGui\src\ofxGuiGroup.h">
      <Filter>addons\ofxGui\src</Filter>
    </ClInclude>
    <ClInclude Include="..\..\..\..\of_v20170714_vs_release\addons\ofxGui\src\ofxInputField.h">
      <Filter>addons\ofxGui\src</Filter>
    </ClInclude>
    <ClInclude Include="..\..\..\..\of_v20170714_vs_release\addons\ofxGui\src\ofxLabel.h">
      <Filter>addons\ofxGui\src</Filter>
    </ClInclude>
    <ClInclude Include="..\..\..\..\of_v20170714_vs_release\addons\ofxGui\src\ofxPanel.h">
      <Filter>addons\ofxGui\src</Filter>
    </ClInclude>
    <ClInclude Include="..\..\..\..\of_v20170714_vs_release\addons\ofxGui\src\ofxSlider.h">
      <Filter>addons\ofxGui\src</Filter>
    </ClInclude>
    <ClInclude Include="..\..\..\..\of_v20170714_vs_release\addons\ofxGui\src\ofxSliderGroup.h">
      <Filter>addons\ofxGui\src</Filter>
    </ClInclude>
    <ClInclude Include="..\..\..\..\of_v20170714_vs_release\addons\ofxGui\src\ofxToggle.h">
      <Filter>addons\ofxGui\src</Filter>
    </ClInclude>
    <ClInclude Include="..\..\..\..\of_v20170714_vs_release\addons\ofxNetwork\src\ofxNetwork.h">
      <Filter>addons\ofxNetwork\src</Filter>
    </ClInclude>
    <ClInclude Include="..\..\..\..\of_v20170714_vs_release\addons\ofxNetwork\src\ofxNetworkUtils.h">
      <Filter>addons\ofxNetwork\src</Filter>
    </ClInclude>
    <ClInclude Include="..\..\..\..\of_v20170714_vs_release\addons\ofxNetwork\src\ofxTCPClient.h">
      <Filter>addons\ofxNetwork\src</Filter>
    </ClInclude>
    <ClInclude Include="..\..\..\..\of_v20170714_vs_release\addons\ofxNetwork\src\ofxTCPManager.h">
      <Filter>addons\ofxNetwork\src</Filter>
    </ClInclude>
    <ClInclude Include="..\..\..\..\of_v20170714_vs_release\addons\ofxNetwork\src\ofxTCPServer.h">
      <Filter>addons\ofxNetwork\src</Filter>
    </ClInclude>
    <ClInclude Include="..\..\..\..\of_v20170714_vs_release\addons\ofxNetwork\src\ofxTCPSettings.h">
      <Filter>addons\ofxNetwork\src</Filter>
    </ClInclude>
    <ClInclude Include="..\..\..\..\of_v20170714_vs_release\addons\ofxNetwork\src\ofxUDPManager.h">
      <Filter>addons\ofxNetwork\src</Filter>
    </ClInclude>
    <ClInclude Include="..\..\..\..\of_v20170714_vs_release\addons\ofxNetwork\src\ofxUDPSettings.h">
      <Filter>addons\ofxNetwork\src</Filter>
    </ClInclude>
    <ClInclude Include="..\..\..\..\of_v20170714_vs_release\addons\ofxWatchFile\src\ofxWatchFile.h">
      <Filter>addons\ofxWatchFile\src</Filter>
    </ClInclude>
    <ClInclude Include="src\view\Spectrum.h">
      <Filter>src\view</Filter>
    </ClInclude>
    <ClInclude Include="src\view\graph\PhaseDiffGraphViewer.h">
      <Filter>src\view\graph</Filter>
    </ClInclude>
  </ItemGroup>
  <ItemGroup>
    <ResourceCompile Include="icon.rc" />
  </ItemGroup>
</Project>